
Microsoft Visual Studio Solution File, Format Version 12.00
# Visual Studio Version 17
VisualStudioVersion = 17.9.34407.89
MinimumVisualStudioVersion = 10.0.40219.1
Project("{FAE04EC0-301F-11D3-BF4B-00C04F79EFBC}") = "Analyse_Image", "Analyse_Image.csproj", "{934D995C-5276-4A3D-B893-9BDF499F38CA}"
EndProject
Global
	GlobalSection(SolutionConfigurationPlatforms) = preSolution
		Debug|Any CPU = Debug|Any CPU
		Release|Any CPU = Release|Any CPU
	EndGlobalSection
	GlobalSection(ProjectConfigurationPlatforms) = postSolution
		{934D995C-5276-4A3D-B893-9BDF499F38CA}.Debug|Any CPU.ActiveCfg = Debug|Any CPU
		{934D995C-5276-4A3D-B893-9BDF499F38CA}.Debug|Any CPU.Build.0 = Debug|Any CPU
		{934D995C-5276-4A3D-B893-9BDF499F38CA}.Release|Any CPU.ActiveCfg = Release|Any CPU
		{934D995C-5276-4A3D-B893-9BDF499F38CA}.Release|Any CPU.Build.0 = Release|Any CPU
	EndGlobalSection
	GlobalSection(SolutionProperties) = preSolution
		HideSolutionNode = FALSE
	EndGlobalSection
	GlobalSection(ExtensibilityGlobals) = postSolution
		SolutionGuid = {C383F429-81DE-4BAE-8969-B0ED77F43C98}
	EndGlobalSection
EndGlobal
